{
  "originHash" : "2ad3bf6259e8b57e1fa86d198e00b266c08d0758cd9e384e27de856b7facfa6b",
  "pins" : [
    {
      "identity" : "ansi",
      "kind" : "remoteSourceControl",
      "location" : "https://github.com/leviouwendijk/ANSI",
      "state" : {
        "branch" : "master",
        "revision" : "073d9ca7870b688a312608acf14eae6ba052c0d6"
      }
    }
  ],
  "version" : 3
}
